// !$*UTF8*$!
{
	archiveVersion = 1;
	classes = {
	};
	objectVersion = 46;
	objects = {

/* Begin PBXBuildFile section */
		607FACE01AFB9204008FA782 /* LaunchScreen.xib in Resources */ = {isa = PBXBuildFile; fileRef = 607FACDE1AFB9204008FA782 /* LaunchScreen.xib */; };
		6687D84564793FEA4F0BD4BF /* Pods_CiaoTransitions_Example.framework in Frameworks */ = {isa = PBXBuildFile; fileRef = AA0E1B417B317148D7160AF2 /* Pods_CiaoTransitions_Example.framework */; };
		E365D676225E4B600060DF8E /* ModalViewController.swift in Sources */ = {isa = PBXBuildFile; fileRef = E365D674225E4B600060DF8E /* ModalViewController.swift */; };
		E365D677225E4B600060DF8E /* ModalViewController.xib in Resources */ = {isa = PBXBuildFile; fileRef = E365D675225E4B600060DF8E /* ModalViewController.xib */; };
		E37BB54521531C62006450D2 /* AppDelegate.swift in Sources */ = {isa = PBXBuildFile; fileRef = E37BB50421531C61006450D2 /* AppDelegate.swift */; };
		E37BB54621531C62006450D2 /* Assets.xcassets in Resources */ = {isa = PBXBuildFile; fileRef = E37BB50621531C61006450D2 /* Assets.xcassets */; };
		E37BB54721531C62006450D2 /* CardContentView.xib in Resources */ = {isa = PBXBuildFile; fileRef = E37BB50A21531C61006450D2 /* CardContentView.xib */; };
		E37BB54821531C62006450D2 /* CardContentView.swift in Sources */ = {isa = PBXBuildFile; fileRef = E37BB50B21531C61006450D2 /* CardContentView.swift */; };
		E37BB54921531C62006450D2 /* CardCollectionViewCell.xib in Resources */ = {isa = PBXBuildFile; fileRef = E37BB50C21531C61006450D2 /* CardCollectionViewCell.xib */; };
		E37BB54A21531C62006450D2 /* CardCollectionViewCell.swift in Sources */ = {isa = PBXBuildFile; fileRef = E37BB50D21531C61006450D2 /* CardCollectionViewCell.swift */; };
		E37BB54B21531C62006450D2 /* AppStoreCardsViewController.swift in Sources */ = {isa = PBXBuildFile; fileRef = E37BB50E21531C61006450D2 /* AppStoreCardsViewController.swift */; };
		E37BB54C21531C62006450D2 /* AppStoreCardsViewController.xib in Resources */ = {isa = PBXBuildFile; fileRef = E37BB50F21531C61006450D2 /* AppStoreCardsViewController.xib */; };
		E37BB54D21531C62006450D2 /* ScrollFadeViewController.swift in Sources */ = {isa = PBXBuildFile; fileRef = E37BB51121531C61006450D2 /* ScrollFadeViewController.swift */; };
		E37BB54E21531C62006450D2 /* AppStoreCardDetailViewController.swift in Sources */ = {isa = PBXBuildFile; fileRef = E37BB51221531C61006450D2 /* AppStoreCardDetailViewController.swift */; };
		E37BB54F21531C62006450D2 /* LateralTranslationViewController.xib in Resources */ = {isa = PBXBuildFile; fileRef = E37BB51321531C61006450D2 /* LateralTranslationViewController.xib */; };
		E37BB55021531C62006450D2 /* ScaleViewController.swift in Sources */ = {isa = PBXBuildFile; fileRef = E37BB51421531C61006450D2 /* ScaleViewController.swift */; };
		E37BB55121531C62006450D2 /* StaticFadeViewController.xib in Resources */ = {isa = PBXBuildFile; fileRef = E37BB51521531C61006450D2 /* StaticFadeViewController.xib */; };
		E37BB55221531C62006450D2 /* AppStoreCardDetailViewController.xib in Resources */ = {isa = PBXBuildFile; fileRef = E37BB51621531C61006450D2 /* AppStoreCardDetailViewController.xib */; };
		E37BB55321531C62006450D2 /* LateralTranslationViewController.swift in Sources */ = {isa = PBXBuildFile; fileRef = E37BB51721531C61006450D2 /* LateralTranslationViewController.swift */; };
		E37BB55421531C62006450D2 /* ScaleViewController.xib in Resources */ = {isa = PBXBuildFile; fileRef = E37BB51821531C61006450D2 /* ScaleViewController.xib */; };
		E37BB55521531C62006450D2 /* ScrollFadeViewController.xib in Resources */ = {isa = PBXBuildFile; fileRef = E37BB51921531C61006450D2 /* ScrollFadeViewController.xib */; };
		E37BB55621531C62006450D2 /* StaticFadeViewController.swift in Sources */ = {isa = PBXBuildFile; fileRef = E37BB51A21531C61006450D2 /* StaticFadeViewController.swift */; };
		E37BB55721531C62006450D2 /* ItemsPresenter.swift in Sources */ = {isa = PBXBuildFile; fileRef = E37BB51D21531C61006450D2 /* ItemsPresenter.swift */; };
		E37BB55821531C62006450D2 /* ItemsPresenterInterface.swift in Sources */ = {isa = PBXBuildFile; fileRef = E37BB51E21531C61006450D2 /* ItemsPresenterInterface.swift */; };
		E37BB55921531C62006450D2 /* CollectionItemsMapper.swift in Sources */ = {isa = PBXBuildFile; fileRef = E37BB52021531C61006450D2 /* CollectionItemsMapper.swift */; };
		E37BB55A21531C62006450D2 /* ItemsCollectionViewProtocols.swift in Sources */ = {isa = PBXBuildFile; fileRef = E37BB52121531C61006450D2 /* ItemsCollectionViewProtocols.swift */; };
		E37BB55B21531C62006450D2 /* CollectionItem.swift in Sources */ = {isa = PBXBuildFile; fileRef = E37BB52221531C61006450D2 /* CollectionItem.swift */; };
		E37BB55E21531C62006450D2 /* ItemCollectionViewCell.swift in Sources */ = {isa = PBXBuildFile; fileRef = E37BB52721531C61006450D2 /* ItemCollectionViewCell.swift */; };
		E37BB56321531C62006450D2 /* ItemCollectionViewCell.xib in Resources */ = {isa = PBXBuildFile; fileRef = E37BB52C21531C61006450D2 /* ItemCollectionViewCell.xib */; };
		E37BB56821531C62006450D2 /* ItemsViewInterface.swift in Sources */ = {isa = PBXBuildFile; fileRef = E37BB53121531C61006450D2 /* ItemsViewInterface.swift */; };
		E37BB56921531C62006450D2 /* ItemsViewController.xib in Resources */ = {isa = PBXBuildFile; fileRef = E37BB53221531C61006450D2 /* ItemsViewController.xib */; };
		E37BB56A21531C62006450D2 /* ItemsViewController.swift in Sources */ = {isa = PBXBuildFile; fileRef = E37BB53321531C61006450D2 /* ItemsViewController.swift */; };
		E37BB56B21531C62006450D2 /* TodayHeaderReusableView.xib in Resources */ = {isa = PBXBuildFile; fileRef = E37BB53521531C61006450D2 /* TodayHeaderReusableView.xib */; };
		E37BB56C21531C62006450D2 /* TodayHeaderReusableView.swift in Sources */ = {isa = PBXBuildFile; fileRef = E37BB53621531C61006450D2 /* TodayHeaderReusableView.swift */; };
		E37BB56D21531C62006450D2 /* ItemsRouting.swift in Sources */ = {isa = PBXBuildFile; fileRef = E37BB53821531C61006450D2 /* ItemsRouting.swift */; };
		E37BB56E21531C62006450D2 /* ItemsRoutingInterface.swift in Sources */ = {isa = PBXBuildFile; fileRef = E37BB53921531C61006450D2 /* ItemsRoutingInterface.swift */; };
		E37BB56F21531C62006450D2 /* Item.swift in Sources */ = {isa = PBXBuildFile; fileRef = E37BB53C21531C61006450D2 /* Item.swift */; };
		E37BB57021531C62006450D2 /* ItemsInteractorIO.swift in Sources */ = {isa = PBXBuildFile; fileRef = E37BB53D21531C61006450D2 /* ItemsInteractorIO.swift */; };
		E37BB57121531C62006450D2 /* ItemsInteractor.swift in Sources */ = {isa = PBXBuildFile; fileRef = E37BB53E21531C61006450D2 /* ItemsInteractor.swift */; };
		E37BB57221531C62006450D2 /* ItemsFactory.swift in Sources */ = {isa = PBXBuildFile; fileRef = E37BB54021531C61006450D2 /* ItemsFactory.swift */; };
		E37BB57321531C62006450D2 /* UIView+Tools.swift in Sources */ = {isa = PBXBuildFile; fileRef = E37BB54321531C61006450D2 /* UIView+Tools.swift */; };
		E37BB57421531C62006450D2 /* UICollectionViewCell+Tools.swift in Sources */ = {isa = PBXBuildFile; fileRef = E37BB54421531C61006450D2 /* UICollectionViewCell+Tools.swift */; };
/* End PBXBuildFile section */

/* Begin PBXFileReference section */
		02E05110E08919E85A701233 /* Pods-CiaoTransitions_Example.release.xcconfig */ = {isa = PBXFileReference; includeInIndex = 1; lastKnownFileType = text.xcconfig; name = "Pods-CiaoTransitions_Example.release.xcconfig"; path = "Pods/Target Support Files/Pods-CiaoTransitions_Example/Pods-CiaoTransitions_Example.release.xcconfig"; sourceTree = "<group>"; };
		1D8861CAFE9152D286CC7589 /* Pods_CiaoTransitions_Tests.framework */ = {isa = PBXFileReference; explicitFileType = wrapper.framework; includeInIndex = 0; path = Pods_CiaoTransitions_Tests.framework; sourceTree = BUILT_PRODUCTS_DIR; };
		479C2DF9C4FA12664CC80429 /* LICENSE */ = {isa = PBXFileReference; includeInIndex = 1; lastKnownFileType = text; name = LICENSE; path = ../LICENSE; sourceTree = "<group>"; };
		5C18B81B81E763A140D12933 /* Pods-CiaoTransitions_Tests.debug.xcconfig */ = {isa = PBXFileReference; includeInIndex = 1; lastKnownFileType = text.xcconfig; name = "Pods-CiaoTransitions_Tests.debug.xcconfig"; path = "Pods/Target Support Files/Pods-CiaoTransitions_Tests/Pods-CiaoTransitions_Tests.debug.xcconfig"; sourceTree = "<group>"; };
		607FACD01AFB9204008FA782 /* CiaoTransitions_Example.app */ = {isa = PBXFileReference; explicitFileType = wrapper.application; includeInIndex = 0; path = CiaoTransitions_Example.app; sourceTree = BUILT_PRODUCTS_DIR; };
		607FACD41AFB9204008FA782 /* Info.plist */ = {isa = PBXFileReference; lastKnownFileType = text.plist.xml; path = Info.plist; sourceTree = "<group>"; };
		607FACDF1AFB9204008FA782 /* Base */ = {isa = PBXFileReference; lastKnownFileType = file.xib; name = Base; path = Base.lproj/LaunchScreen.xib; sourceTree = "<group>"; };
		AA0E1B417B317148D7160AF2 /* Pods_CiaoTransitions_Example.framework */ = {isa = PBXFileReference; explicitFileType = wrapper.framework; includeInIndex = 0; path = Pods_CiaoTransitions_Example.framework; sourceTree = BUILT_PRODUCTS_DIR; };
		D97778A98AB01DD756A3ED07 /* CiaoTransitions.podspec */ = {isa = PBXFileReference; includeInIndex = 1; lastKnownFileType = text; name = CiaoTransitions.podspec; path = ../CiaoTransitions.podspec; sourceTree = "<group>"; };
		E365D674225E4B600060DF8E /* ModalViewController.swift */ = {isa = PBXFileReference; lastKnownFileType = sourcecode.swift; path = ModalViewController.swift; sourceTree = "<group>"; };
		E365D675225E4B600060DF8E /* ModalViewController.xib */ = {isa = PBXFileReference; lastKnownFileType = file.xib; path = ModalViewController.xib; sourceTree = "<group>"; };
		E37BB50421531C61006450D2 /* AppDelegate.swift */ = {isa = PBXFileReference; fileEncoding = 4; lastKnownFileType = sourcecode.swift; path = AppDelegate.swift; sourceTree = "<group>"; };
		E37BB50621531C61006450D2 /* Assets.xcassets */ = {isa = PBXFileReference; lastKnownFileType = folder.assetcatalog; path = Assets.xcassets; sourceTree = "<group>"; };
		E37BB50A21531C61006450D2 /* CardContentView.xib */ = {isa = PBXFileReference; fileEncoding = 4; lastKnownFileType = file.xib; path = CardContentView.xib; sourceTree = "<group>"; };
		E37BB50B21531C61006450D2 /* CardContentView.swift */ = {isa = PBXFileReference; fileEncoding = 4; lastKnownFileType = sourcecode.swift; path = CardContentView.swift; sourceTree = "<group>"; };
		E37BB50C21531C61006450D2 /* CardCollectionViewCell.xib */ = {isa = PBXFileReference; fileEncoding = 4; lastKnownFileType = file.xib; path = CardCollectionViewCell.xib; sourceTree = "<group>"; };
		E37BB50D21531C61006450D2 /* CardCollectionViewCell.swift */ = {isa = PBXFileReference; fileEncoding = 4; lastKnownFileType = sourcecode.swift; path = CardCollectionViewCell.swift; sourceTree = "<group>"; };
		E37BB50E21531C61006450D2 /* AppStoreCardsViewController.swift */ = {isa = PBXFileReference; fileEncoding = 4; lastKnownFileType = sourcecode.swift; path = AppStoreCardsViewController.swift; sourceTree = "<group>"; };
		E37BB50F21531C61006450D2 /* AppStoreCardsViewController.xib */ = {isa = PBXFileReference; fileEncoding = 4; lastKnownFileType = file.xib; path = AppStoreCardsViewController.xib; sourceTree = "<group>"; };
		E37BB51121531C61006450D2 /* ScrollFadeViewController.swift */ = {isa = PBXFileReference; fileEncoding = 4; lastKnownFileType = sourcecode.swift; path = ScrollFadeViewController.swift; sourceTree = "<group>"; };
		E37BB51221531C61006450D2 /* AppStoreCardDetailViewController.swift */ = {isa = PBXFileReference; fileEncoding = 4; lastKnownFileType = sourcecode.swift; path = AppStoreCardDetailViewController.swift; sourceTree = "<group>"; };
		E37BB51321531C61006450D2 /* LateralTranslationViewController.xib */ = {isa = PBXFileReference; fileEncoding = 4; lastKnownFileType = file.xib; path = LateralTranslationViewController.xib; sourceTree = "<group>"; };
		E37BB51421531C61006450D2 /* ScaleViewController.swift */ = {isa = PBXFileReference; fileEncoding = 4; lastKnownFileType = sourcecode.swift; path = ScaleViewController.swift; sourceTree = "<group>"; };
		E37BB51521531C61006450D2 /* StaticFadeViewController.xib */ = {isa = PBXFileReference; fileEncoding = 4; lastKnownFileType = file.xib; path = StaticFadeViewController.xib; sourceTree = "<group>"; };
		E37BB51621531C61006450D2 /* AppStoreCardDetailViewController.xib */ = {isa = PBXFileReference; fileEncoding = 4; lastKnownFileType = file.xib; path = AppStoreCardDetailViewController.xib; sourceTree = "<group>"; };
		E37BB51721531C61006450D2 /* LateralTranslationViewController.swift */ = {isa = PBXFileReference; fileEncoding = 4; lastKnownFileType = sourcecode.swift; path = LateralTranslationViewController.swift; sourceTree = "<group>"; };
		E37BB51821531C61006450D2 /* ScaleViewController.xib */ = {isa = PBXFileReference; fileEncoding = 4; lastKnownFileType = file.xib; path = ScaleViewController.xib; sourceTree = "<group>"; };
		E37BB51921531C61006450D2 /* ScrollFadeViewController.xib */ = {isa = PBXFileReference; fileEncoding = 4; lastKnownFileType = file.xib; path = ScrollFadeViewController.xib; sourceTree = "<group>"; };
		E37BB51A21531C61006450D2 /* StaticFadeViewController.swift */ = {isa = PBXFileReference; fileEncoding = 4; lastKnownFileType = sourcecode.swift; path = StaticFadeViewController.swift; sourceTree = "<group>"; };
		E37BB51D21531C61006450D2 /* ItemsPresenter.swift */ = {isa = PBXFileReference; fileEncoding = 4; lastKnownFileType = sourcecode.swift; path = ItemsPresenter.swift; sourceTree = "<group>"; };
		E37BB51E21531C61006450D2 /* ItemsPresenterInterface.swift */ = {isa = PBXFileReference; fileEncoding = 4; lastKnownFileType = sourcecode.swift; path = ItemsPresenterInterface.swift; sourceTree = "<group>"; };
		E37BB52021531C61006450D2 /* CollectionItemsMapper.swift */ = {isa = PBXFileReference; fileEncoding = 4; lastKnownFileType = sourcecode.swift; path = CollectionItemsMapper.swift; sourceTree = "<group>"; };
		E37BB52121531C61006450D2 /* ItemsCollectionViewProtocols.swift */ = {isa = PBXFileReference; fileEncoding = 4; lastKnownFileType = sourcecode.swift; path = ItemsCollectionViewProtocols.swift; sourceTree = "<group>"; };
		E37BB52221531C61006450D2 /* CollectionItem.swift */ = {isa = PBXFileReference; fileEncoding = 4; lastKnownFileType = sourcecode.swift; path = CollectionItem.swift; sourceTree = "<group>"; };
		E37BB52721531C61006450D2 /* ItemCollectionViewCell.swift */ = {isa = PBXFileReference; fileEncoding = 4; lastKnownFileType = sourcecode.swift; path = ItemCollectionViewCell.swift; sourceTree = "<group>"; };
		E37BB52C21531C61006450D2 /* ItemCollectionViewCell.xib */ = {isa = PBXFileReference; fileEncoding = 4; lastKnownFileType = file.xib; path = ItemCollectionViewCell.xib; sourceTree = "<group>"; };
		E37BB53121531C61006450D2 /* ItemsViewInterface.swift */ = {isa = PBXFileReference; fileEncoding = 4; lastKnownFileType = sourcecode.swift; path = ItemsViewInterface.swift; sourceTree = "<group>"; };
		E37BB53221531C61006450D2 /* ItemsViewController.xib */ = {isa = PBXFileReference; fileEncoding = 4; lastKnownFileType = file.xib; path = ItemsViewController.xib; sourceTree = "<group>"; };
		E37BB53321531C61006450D2 /* ItemsViewController.swift */ = {isa = PBXFileReference; fileEncoding = 4; lastKnownFileType = sourcecode.swift; path = ItemsViewController.swift; sourceTree = "<group>"; };
		E37BB53521531C61006450D2 /* TodayHeaderReusableView.xib */ = {isa = PBXFileReference; fileEncoding = 4; lastKnownFileType = file.xib; path = TodayHeaderReusableView.xib; sourceTree = "<group>"; };
		E37BB53621531C61006450D2 /* TodayHeaderReusableView.swift */ = {isa = PBXFileReference; fileEncoding = 4; lastKnownFileType = sourcecode.swift; path = TodayHeaderReusableView.swift; sourceTree = "<group>"; };
		E37BB53821531C61006450D2 /* ItemsRouting.swift */ = {isa = PBXFileReference; fileEncoding = 4; lastKnownFileType = sourcecode.swift; path = ItemsRouting.swift; sourceTree = "<group>"; };
		E37BB53921531C61006450D2 /* ItemsRoutingInterface.swift */ = {isa = PBXFileReference; fileEncoding = 4; lastKnownFileType = sourcecode.swift; path = ItemsRoutingInterface.swift; sourceTree = "<group>"; };
		E37BB53C21531C61006450D2 /* Item.swift */ = {isa = PBXFileReference; fileEncoding = 4; lastKnownFileType = sourcecode.swift; path = Item.swift; sourceTree = "<group>"; };
		E37BB53D21531C61006450D2 /* ItemsInteractorIO.swift */ = {isa = PBXFileReference; fileEncoding = 4; lastKnownFileType = sourcecode.swift; path = ItemsInteractorIO.swift; sourceTree = "<group>"; };
		E37BB53E21531C61006450D2 /* ItemsInteractor.swift */ = {isa = PBXFileReference; fileEncoding = 4; lastKnownFileType = sourcecode.swift; path = ItemsInteractor.swift; sourceTree = "<group>"; };
		E37BB54021531C61006450D2 /* ItemsFactory.swift */ = {isa = PBXFileReference; fileEncoding = 4; lastKnownFileType = sourcecode.swift; path = ItemsFactory.swift; sourceTree = "<group>"; };
		E37BB54321531C61006450D2 /* UIView+Tools.swift */ = {isa = PBXFileReference; fileEncoding = 4; lastKnownFileType = sourcecode.swift; path = "UIView+Tools.swift"; sourceTree = "<group>"; };
		E37BB54421531C61006450D2 /* UICollectionViewCell+Tools.swift */ = {isa = PBXFileReference; fileEncoding = 4; lastKnownFileType = sourcecode.swift; path = "UICollectionViewCell+Tools.swift"; sourceTree = "<group>"; };
		E870F7D2817AD2256B298164 /* README.md */ = {isa = PBXFileReference; includeInIndex = 1; lastKnownFileType = net.daringfireball.markdown; name = README.md; path = ../README.md; sourceTree = "<group>"; };
		ECFF14D97B94AD7C0DF09B75 /* Pods-CiaoTransitions_Tests.release.xcconfig */ = {isa = PBXFileReference; includeInIndex = 1; lastKnownFileType = text.xcconfig; name = "Pods-CiaoTransitions_Tests.release.xcconfig"; path = "Pods/Target Support Files/Pods-CiaoTransitions_Tests/Pods-CiaoTransitions_Tests.release.xcconfig"; sourceTree = "<group>"; };
		EE077E684386185C216DF071 /* Pods-CiaoTransitions_Example.debug.xcconfig */ = {isa = PBXFileReference; includeInIndex = 1; lastKnownFileType = text.xcconfig; name = "Pods-CiaoTransitions_Example.debug.xcconfig"; path = "Pods/Target Support Files/Pods-CiaoTransitions_Example/Pods-CiaoTransitions_Example.debug.xcconfig"; sourceTree = "<group>"; };
/* End PBXFileReference section */

/* Begin PBXFrameworksBuildPhase section */
		607FACCD1AFB9204008FA782 /* Frameworks */ = {
			isa = PBXFrameworksBuildPhase;
			buildActionMask = 2147483647;
			files = (
				6687D84564793FEA4F0BD4BF /* Pods_CiaoTransitions_Example.framework in Frameworks */,
			);
			runOnlyForDeploymentPostprocessing = 0;
		};
/* End PBXFrameworksBuildPhase section */

/* Begin PBXGroup section */
		3C65D6371084BFF7FE9AD28F /* Frameworks */ = {
			isa = PBXGroup;
			children = (
				AA0E1B417B317148D7160AF2 /* Pods_CiaoTransitions_Example.framework */,
				1D8861CAFE9152D286CC7589 /* Pods_CiaoTransitions_Tests.framework */,
			);
			name = Frameworks;
			sourceTree = "<group>";
		};
		607FACC71AFB9204008FA782 = {
			isa = PBXGroup;
			children = (
				607FACF51AFB993E008FA782 /* Podspec Metadata */,
				607FACD21AFB9204008FA782 /* Example for CiaoTransitions */,
				607FACD11AFB9204008FA782 /* Products */,
				F87AD9B0AD98CA172CBBFFDB /* Pods */,
				3C65D6371084BFF7FE9AD28F /* Frameworks */,
			);
			sourceTree = "<group>";
		};
		607FACD11AFB9204008FA782 /* Products */ = {
			isa = PBXGroup;
			children = (
				607FACD01AFB9204008FA782 /* CiaoTransitions_Example.app */,
			);
			name = Products;
			sourceTree = "<group>";
		};
		607FACD21AFB9204008FA782 /* Example for CiaoTransitions */ = {
			isa = PBXGroup;
			children = (
				E37BB50321531C61006450D2 /* AppDelegate */,
				E37BB50721531C61006450D2 /* Controllers */,
				E37BB50521531C61006450D2 /* Resources */,
				E37BB54121531C61006450D2 /* Utils */,
				607FACDE1AFB9204008FA782 /* LaunchScreen.xib */,
				607FACD31AFB9204008FA782 /* Supporting Files */,
			);
			name = "Example for CiaoTransitions";
			path = CiaoTransitions;
			sourceTree = "<group>";
		};
		607FACD31AFB9204008FA782 /* Supporting Files */ = {
			isa = PBXGroup;
			children = (
				607FACD41AFB9204008FA782 /* Info.plist */,
			);
			name = "Supporting Files";
			sourceTree = "<group>";
		};
		607FACF51AFB993E008FA782 /* Podspec Metadata */ = {
			isa = PBXGroup;
			children = (
				D97778A98AB01DD756A3ED07 /* CiaoTransitions.podspec */,
				E870F7D2817AD2256B298164 /* README.md */,
				479C2DF9C4FA12664CC80429 /* LICENSE */,
			);
			name = "Podspec Metadata";
			sourceTree = "<group>";
		};
		E37BB50321531C61006450D2 /* AppDelegate */ = {
			isa = PBXGroup;
			children = (
				E37BB50421531C61006450D2 /* AppDelegate.swift */,
			);
			path = AppDelegate;
			sourceTree = "<group>";
		};
		E37BB50521531C61006450D2 /* Resources */ = {
			isa = PBXGroup;
			children = (
				E37BB50621531C61006450D2 /* Assets.xcassets */,
			);
			path = Resources;
			sourceTree = "<group>";
		};
		E37BB50721531C61006450D2 /* Controllers */ = {
			isa = PBXGroup;
			children = (
				E37BB50821531C61006450D2 /* AppStore */,
				E37BB51021531C61006450D2 /* Detail */,
				E37BB51B21531C61006450D2 /* Items */,
			);
			path = Controllers;
			sourceTree = "<group>";
		};
		E37BB50821531C61006450D2 /* AppStore */ = {
			isa = PBXGroup;
			children = (
				E37BB50921531C61006450D2 /* Cells */,
				E37BB50E21531C61006450D2 /* AppStoreCardsViewController.swift */,
				E37BB50F21531C61006450D2 /* AppStoreCardsViewController.xib */,
			);
			path = AppStore;
			sourceTree = "<group>";
		};
		E37BB50921531C61006450D2 /* Cells */ = {
			isa = PBXGroup;
			children = (
				E37BB50A21531C61006450D2 /* CardContentView.xib */,
				E37BB50B21531C61006450D2 /* CardContentView.swift */,
				E37BB50C21531C61006450D2 /* CardCollectionViewCell.xib */,
				E37BB50D21531C61006450D2 /* CardCollectionViewCell.swift */,
			);
			path = Cells;
			sourceTree = "<group>";
		};
		E37BB51021531C61006450D2 /* Detail */ = {
			isa = PBXGroup;
			children = (
				E37BB51121531C61006450D2 /* ScrollFadeViewController.swift */,
				E37BB51921531C61006450D2 /* ScrollFadeViewController.xib */,
				E37BB51221531C61006450D2 /* AppStoreCardDetailViewController.swift */,
				E37BB51621531C61006450D2 /* AppStoreCardDetailViewController.xib */,
				E37BB51721531C61006450D2 /* LateralTranslationViewController.swift */,
				E37BB51321531C61006450D2 /* LateralTranslationViewController.xib */,
				E37BB51A21531C61006450D2 /* StaticFadeViewController.swift */,
				E37BB51521531C61006450D2 /* StaticFadeViewController.xib */,
				E37BB51421531C61006450D2 /* ScaleViewController.swift */,
				E37BB51821531C61006450D2 /* ScaleViewController.xib */,
				E365D674225E4B600060DF8E /* ModalViewController.swift */,
				E365D675225E4B600060DF8E /* ModalViewController.xib */,
			);
			path = Detail;
			sourceTree = "<group>";
		};
		E37BB51B21531C61006450D2 /* Items */ = {
			isa = PBXGroup;
			children = (
				E37BB53F21531C61006450D2 /* Factory */,
				E37BB53721531C61006450D2 /* Routing */,
				E37BB51C21531C61006450D2 /* Presenter */,
				E37BB53A21531C61006450D2 /* Interactor */,
				E37BB52321531C61006450D2 /* View */,
			);
			path = Items;
			sourceTree = "<group>";
		};
		E37BB51C21531C61006450D2 /* Presenter */ = {
			isa = PBXGroup;
			children = (
				E37BB51D21531C61006450D2 /* ItemsPresenter.swift */,
				E37BB51E21531C61006450D2 /* ItemsPresenterInterface.swift */,
				E37BB51F21531C61006450D2 /* Protocols */,
			);
			path = Presenter;
			sourceTree = "<group>";
		};
		E37BB51F21531C61006450D2 /* Protocols */ = {
			isa = PBXGroup;
			children = (
				E37BB52121531C61006450D2 /* ItemsCollectionViewProtocols.swift */,
				E37BB52021531C61006450D2 /* CollectionItemsMapper.swift */,
				E37BB52221531C61006450D2 /* CollectionItem.swift */,
			);
			path = Protocols;
			sourceTree = "<group>";
		};
		E37BB52321531C61006450D2 /* View */ = {
			isa = PBXGroup;
			children = (
				E37BB52421531C61006450D2 /* Cells */,
				E37BB53121531C61006450D2 /* ItemsViewInterface.swift */,
				E37BB53221531C61006450D2 /* ItemsViewController.xib */,
				E37BB53321531C61006450D2 /* ItemsViewController.swift */,
				E37BB53421531C61006450D2 /* Header */,
			);
			path = View;
			sourceTree = "<group>";
		};
		E37BB52421531C61006450D2 /* Cells */ = {
			isa = PBXGroup;
			children = (
				E37BB52721531C61006450D2 /* ItemCollectionViewCell.swift */,
				E37BB52C21531C61006450D2 /* ItemCollectionViewCell.xib */,
			);
			path = Cells;
			sourceTree = "<group>";
		};
		E37BB53421531C61006450D2 /* Header */ = {
			isa = PBXGroup;
			children = (
				E37BB53521531C61006450D2 /* TodayHeaderReusableView.xib */,
				E37BB53621531C61006450D2 /* TodayHeaderReusableView.swift */,
			);
			path = Header;
			sourceTree = "<group>";
		};
		E37BB53721531C61006450D2 /* Routing */ = {
			isa = PBXGroup;
			children = (
				E37BB53821531C61006450D2 /* ItemsRouting.swift */,
				E37BB53921531C61006450D2 /* ItemsRoutingInterface.swift */,
			);
			path = Routing;
			sourceTree = "<group>";
		};
		E37BB53A21531C61006450D2 /* Interactor */ = {
			isa = PBXGroup;
			children = (
				E37BB53B21531C61006450D2 /* Model */,
				E37BB53D21531C61006450D2 /* ItemsInteractorIO.swift */,
				E37BB53E21531C61006450D2 /* ItemsInteractor.swift */,
			);
			path = Interactor;
			sourceTree = "<group>";
		};
		E37BB53B21531C61006450D2 /* Model */ = {
			isa = PBXGroup;
			children = (
				E37BB53C21531C61006450D2 /* Item.swift */,
			);
			path = Model;
			sourceTree = "<group>";
		};
		E37BB53F21531C61006450D2 /* Factory */ = {
			isa = PBXGroup;
			children = (
				E37BB54021531C61006450D2 /* ItemsFactory.swift */,
			);
			path = Factory;
			sourceTree = "<group>";
		};
		E37BB54121531C61006450D2 /* Utils */ = {
			isa = PBXGroup;
			children = (
				E37BB54221531C61006450D2 /* Extensions */,
			);
			path = Utils;
			sourceTree = "<group>";
		};
		E37BB54221531C61006450D2 /* Extensions */ = {
			isa = PBXGroup;
			children = (
				E37BB54321531C61006450D2 /* UIView+Tools.swift */,
				E37BB54421531C61006450D2 /* UICollectionViewCell+Tools.swift */,
			);
			path = Extensions;
			sourceTree = "<group>";
		};
		F87AD9B0AD98CA172CBBFFDB /* Pods */ = {
			isa = PBXGroup;
			children = (
				EE077E684386185C216DF071 /* Pods-CiaoTransitions_Example.debug.xcconfig */,
				02E05110E08919E85A701233 /* Pods-CiaoTransitions_Example.release.xcconfig */,
				5C18B81B81E763A140D12933 /* Pods-CiaoTransitions_Tests.debug.xcconfig */,
				ECFF14D97B94AD7C0DF09B75 /* Pods-CiaoTransitions_Tests.release.xcconfig */,
			);
			name = Pods;
			sourceTree = "<group>";
		};
/* End PBXGroup section */

/* Begin PBXNativeTarget section */
		607FACCF1AFB9204008FA782 /* CiaoTransitions_Example */ = {
			isa = PBXNativeTarget;
			buildConfigurationList = 607FACEF1AFB9204008FA782 /* Build configuration list for PBXNativeTarget "CiaoTransitions_Example" */;
			buildPhases = (
				D8CC37E0854720B53537F543 /* [CP] Check Pods Manifest.lock */,
				607FACCC1AFB9204008FA782 /* Sources */,
				607FACCD1AFB9204008FA782 /* Frameworks */,
				607FACCE1AFB9204008FA782 /* Resources */,
				EE98E236B0E7A96ACEFEA20E /* [CP] Embed Pods Frameworks */,
			);
			buildRules = (
			);
			dependencies = (
			);
			name = CiaoTransitions_Example;
			productName = CiaoTransitions;
			productReference = 607FACD01AFB9204008FA782 /* CiaoTransitions_Example.app */;
			productType = "com.apple.product-type.application";
		};
/* End PBXNativeTarget section */

/* Begin PBXProject section */
		607FACC81AFB9204008FA782 /* Project object */ = {
			isa = PBXProject;
			attributes = {
				LastSwiftUpdateCheck = 0830;
				LastUpgradeCheck = 0830;
				ORGANIZATIONNAME = CocoaPods;
				TargetAttributes = {
					607FACCF1AFB9204008FA782 = {
						CreatedOnToolsVersion = 6.3.1;
						DevelopmentTeam = BV4J4GZFL4;
						LastSwiftMigration = 0900;
					};
				};
			};
			buildConfigurationList = 607FACCB1AFB9204008FA782 /* Build configuration list for PBXProject "CiaoTransitions" */;
			compatibilityVersion = "Xcode 3.2";
			developmentRegion = English;
			hasScannedForEncodings = 0;
			knownRegions = (
				English,
				en,
				Base,
			);
			mainGroup = 607FACC71AFB9204008FA782;
			productRefGroup = 607FACD11AFB9204008FA782 /* Products */;
			projectDirPath = "";
			projectRoot = "";
			targets = (
				607FACCF1AFB9204008FA782 /* CiaoTransitions_Example */,
			);
		};
/* End PBXProject section */

/* Begin PBXResourcesBuildPhase section */
		607FACCE1AFB9204008FA782 /* Resources */ = {
			isa = PBXResourcesBuildPhase;
			buildActionMask = 2147483647;
			files = (
				E37BB56321531C62006450D2 /* ItemCollectionViewCell.xib in Resources */,
				E37BB54721531C62006450D2 /* CardContentView.xib in Resources */,
				E37BB54921531C62006450D2 /* CardCollectionViewCell.xib in Resources */,
				E37BB55221531C62006450D2 /* AppStoreCardDetailViewController.xib in Resources */,
				E37BB55521531C62006450D2 /* ScrollFadeViewController.xib in Resources */,
				E37BB54C21531C62006450D2 /* AppStoreCardsViewController.xib in Resources */,
				E37BB54F21531C62006450D2 /* LateralTranslationViewController.xib in Resources */,
				E37BB56921531C62006450D2 /* ItemsViewController.xib in Resources */,
				E365D677225E4B600060DF8E /* ModalViewController.xib in Resources */,
				E37BB55121531C62006450D2 /* StaticFadeViewController.xib in Resources */,
				607FACE01AFB9204008FA782 /* LaunchScreen.xib in Resources */,
				E37BB54621531C62006450D2 /* Assets.xcassets in Resources */,
				E37BB56B21531C62006450D2 /* TodayHeaderReusableView.xib in Resources */,
				E37BB55421531C62006450D2 /* ScaleViewController.xib in Resources */,
			);
			runOnlyForDeploymentPostprocessing = 0;
		};
/* End PBXResourcesBuildPhase section */

/* Begin PBXShellScriptBuildPhase section */
		D8CC37E0854720B53537F543 /* [CP] Check Pods Manifest.lock */ = {
			isa = PBXShellScriptBuildPhase;
			buildActionMask = 2147483647;
			files = (
			);
			inputPaths = (
				"${PODS_PODFILE_DIR_PATH}/Podfile.lock",
				"${PODS_ROOT}/Manifest.lock",
			);
			name = "[CP] Check Pods Manifest.lock";
			outputPaths = (
				"$(DERIVED_FILE_DIR)/Pods-CiaoTransitions_Example-checkManifestLockResult.txt",
			);
			runOnlyForDeploymentPostprocessing = 0;
			shellPath = /bin/sh;
			shellScript = "diff \"${PODS_PODFILE_DIR_PATH}/Podfile.lock\" \"${PODS_ROOT}/Manifest.lock\" > /dev/null\nif [ $? != 0 ] ; then\n    # print error to STDERR\n    echo \"error: The sandbox is not in sync with the Podfile.lock. Run 'pod install' or update your CocoaPods installation.\" >&2\n    exit 1\nfi\n# This output is used by Xcode 'outputs' to avoid re-running this script phase.\necho \"SUCCESS\" > \"${SCRIPT_OUTPUT_FILE_0}\"\n";
			showEnvVarsInLog = 0;
		};
		EE98E236B0E7A96ACEFEA20E /* [CP] Embed Pods Frameworks */ = {
			isa = PBXShellScriptBuildPhase;
			buildActionMask = 2147483647;
			files = (
			);
			inputPaths = (
				"${PODS_ROOT}/Target Support Files/Pods-CiaoTransitions_Example/Pods-CiaoTransitions_Example-frameworks.sh",
				"${BUILT_PRODUCTS_DIR}/CiaoTransitions/CiaoTransitions.framework",
			);
			name = "[CP] Embed Pods Frameworks";
			outputPaths = (
				"${TARGET_BUILD_DIR}/${FRAMEWORKS_FOLDER_PATH}/CiaoTransitions.framework",
			);
			runOnlyForDeploymentPostprocessing = 0;
			shellPath = /bin/sh;
			shellScript = "\"${PODS_ROOT}/Target Support Files/Pods-CiaoTransitions_Example/Pods-CiaoTransitions_Example-frameworks.sh\"\n";
			showEnvVarsInLog = 0;
		};
/* End PBXShellScriptBuildPhase section */

/* Begin PBXSourcesBuildPhase section */
		607FACCC1AFB9204008FA782 /* Sources */ = {
			isa = PBXSourcesBuildPhase;
			buildActionMask = 2147483647;
			files = (
				E37BB55B21531C62006450D2 /* CollectionItem.swift in Sources */,
				E37BB57321531C62006450D2 /* UIView+Tools.swift in Sources */,
				E37BB55621531C62006450D2 /* StaticFadeViewController.swift in Sources */,
				E37BB55921531C62006450D2 /* CollectionItemsMapper.swift in Sources */,
				E37BB56F21531C62006450D2 /* Item.swift in Sources */,
				E37BB55721531C62006450D2 /* ItemsPresenter.swift in Sources */,
				E37BB54D21531C62006450D2 /* ScrollFadeViewController.swift in Sources */,
				E37BB57021531C62006450D2 /* ItemsInteractorIO.swift in Sources */,
				E37BB57121531C62006450D2 /* ItemsInteractor.swift in Sources */,
				E37BB56D21531C62006450D2 /* ItemsRouting.swift in Sources */,
				E37BB55821531C62006450D2 /* ItemsPresenterInterface.swift in Sources */,
				E37BB55A21531C62006450D2 /* ItemsCollectionViewProtocols.swift in Sources */,
				E37BB56C21531C62006450D2 /* TodayHeaderReusableView.swift in Sources */,
				E37BB56A21531C62006450D2 /* ItemsViewController.swift in Sources */,
				E37BB57221531C62006450D2 /* ItemsFactory.swift in Sources */,
				E37BB54E21531C62006450D2 /* AppStoreCardDetailViewController.swift in Sources */,
				E37BB54821531C62006450D2 /* CardContentView.swift in Sources */,
				E37BB56E21531C62006450D2 /* ItemsRoutingInterface.swift in Sources */,
				E37BB54A21531C62006450D2 /* CardCollectionViewCell.swift in Sources */,
				E37BB55321531C62006450D2 /* LateralTranslationViewController.swift in Sources */,
				E37BB54B21531C62006450D2 /* AppStoreCardsViewController.swift in Sources */,
				E37BB56821531C62006450D2 /* ItemsViewInterface.swift in Sources */,
				E37BB55E21531C62006450D2 /* ItemCollectionViewCell.swift in Sources */,
				E37BB55021531C62006450D2 /* ScaleViewController.swift in Sources */,
				E37BB54521531C62006450D2 /* AppDelegate.swift in Sources */,
				E365D676225E4B600060DF8E /* ModalViewController.swift in Sources */,
				E37BB57421531C62006450D2 /* UICollectionViewCell+Tools.swift in Sources */,
			);
			runOnlyForDeploymentPostprocessing = 0;
		};
/* End PBXSourcesBuildPhase section */

/* Begin PBXVariantGroup section */
		607FACDE1AFB9204008FA782 /* LaunchScreen.xib */ = {
			isa = PBXVariantGroup;
			children = (
				607FACDF1AFB9204008FA782 /* Base */,
			);
			name = LaunchScreen.xib;
			sourceTree = "<group>";
		};
/* End PBXVariantGroup section */

/* Begin XCBuildConfiguration section */
		607FACED1AFB9204008FA782 /* Debug */ = {
			isa = XCBuildConfiguration;
			buildSettings = {
				ALWAYS_SEARCH_USER_PATHS = NO;
				CLANG_CXX_LANGUAGE_STANDARD = "gnu++0x";
				CLANG_CXX_LIBRARY = "libc++";
				CLANG_ENABLE_MODULES = YES;
				CLANG_ENABLE_OBJC_ARC = YES;
				CLANG_WARN_BLOCK_CAPTURE_AUTORELEASING = YES;
				CLANG_WARN_BOOL_CONVERSION = YES;
				CLANG_WARN_COMMA = YES;
				CLANG_WARN_CONSTANT_CONVERSION = YES;
				CLANG_WARN_DIRECT_OBJC_ISA_USAGE = YES_ERROR;
				CLANG_WARN_EMPTY_BODY = YES;
				CLANG_WARN_ENUM_CONVERSION = YES;
				CLANG_WARN_INFINITE_RECURSION = YES;
				CLANG_WARN_INT_CONVERSION = YES;
				CLANG_WARN_NON_LITERAL_NULL_CONVERSION = YES;
				CLANG_WARN_OBJC_LITERAL_CONVERSION = YES;
				CLANG_WARN_OBJC_ROOT_CLASS = YES_ERROR;
				CLANG_WARN_RANGE_LOOP_ANALYSIS = YES;
				CLANG_WARN_STRICT_PROTOTYPES = YES;
				CLANG_WARN_SUSPICIOUS_MOVE = YES;
				CLANG_WARN_UNREACHABLE_CODE = YES;
				CLANG_WARN__DUPLICATE_METHOD_MATCH = YES;
				"CODE_SIGN_IDENTITY[sdk=iphoneos*]" = "iPhone Developer";
				COPY_PHASE_STRIP = NO;
				DEBUG_INFORMATION_FORMAT = "dwarf-with-dsym";
				ENABLE_STRICT_OBJC_MSGSEND = YES;
				ENABLE_TESTABILITY = YES;
				GCC_C_LANGUAGE_STANDARD = gnu99;
				GCC_DYNAMIC_NO_PIC = NO;
				GCC_NO_COMMON_BLOCKS = YES;
				GCC_OPTIMIZATION_LEVEL = 0;
				GCC_PREPROCESSOR_DEFINITIONS = (
					"DEBUG=1",
					"$(inherited)",
				);
				GCC_SYMBOLS_PRIVATE_EXTERN = NO;
				GCC_WARN_64_TO_32_BIT_CONVERSION = YES;
				GCC_WARN_ABOUT_RETURN_TYPE = YES_ERROR;
				GCC_WARN_UNDECLARED_SELECTOR = YES;
				GCC_WARN_UNINITIALIZED_AUTOS = YES_AGGRESSIVE;
				GCC_WARN_UNUSED_FUNCTION = YES;
				GCC_WARN_UNUSED_VARIABLE = YES;
				IPHONEOS_DEPLOYMENT_TARGET = 11.0;
				MTL_ENABLE_DEBUG_INFO = YES;
				ONLY_ACTIVE_ARCH = YES;
				SDKROOT = iphoneos;
				SWIFT_OPTIMIZATION_LEVEL = "-Onone";
				SWIFT_VERSION = 5.0;
			};
			name = Debug;
		};
		607FACEE1AFB9204008FA782 /* Release */ = {
			isa = XCBuildConfiguration;
			buildSettings = {
				ALWAYS_SEARCH_USER_PATHS = NO;
				CLANG_CXX_LANGUAGE_STANDARD = "gnu++0x";
				CLANG_CXX_LIBRARY = "libc++";
				CLANG_ENABLE_MODULES = YES;
				CLANG_ENABLE_OBJC_ARC = YES;
				CLANG_WARN_BLOCK_CAPTURE_AUTORELEASING = YES;
				CLANG_WARN_BOOL_CONVERSION = YES;
				CLANG_WARN_COMMA = YES;
				CLANG_WARN_CONSTANT_CONVERSION = YES;
				CLANG_WARN_DIRECT_OBJC_ISA_USAGE = YES_ERROR;
				CLANG_WARN_EMPTY_BODY = YES;
				CLANG_WARN_ENUM_CONVERSION = YES;
				CLANG_WARN_INFINITE_RECURSION = YES;
				CLANG_WARN_INT_CONVERSION = YES;
				CLANG_WARN_NON_LITERAL_NULL_CONVERSION = YES;
				CLANG_WARN_OBJC_LITERAL_CONVERSION = YES;
				CLANG_WARN_OBJC_ROOT_CLASS = YES_ERROR;
				CLANG_WARN_RANGE_LOOP_ANALYSIS = YES;
				CLANG_WARN_STRICT_PROTOTYPES = YES;
				CLANG_WARN_SUSPICIOUS_MOVE = YES;
				CLANG_WARN_UNREACHABLE_CODE = YES;
				CLANG_WARN__DUPLICATE_METHOD_MATCH = YES;
				"CODE_SIGN_IDENTITY[sdk=iphoneos*]" = "iPhone Developer";
				COPY_PHASE_STRIP = NO;
				DEBUG_INFORMATION_FORMAT = "dwarf-with-dsym";
				ENABLE_NS_ASSERTIONS = NO;
				ENABLE_STRICT_OBJC_MSGSEND = YES;
				GCC_C_LANGUAGE_STANDARD = gnu99;
				GCC_NO_COMMON_BLOCKS = YES;
				GCC_WARN_64_TO_32_BIT_CONVERSION = YES;
				GCC_WARN_ABOUT_RETURN_TYPE = YES_ERROR;
				GCC_WARN_UNDECLARED_SELECTOR = YES;
				GCC_WARN_UNINITIALIZED_AUTOS = YES_AGGRESSIVE;
				GCC_WARN_UNUSED_FUNCTION = YES;
				GCC_WARN_UNUSED_VARIABLE = YES;
				IPHONEOS_DEPLOYMENT_TARGET = 11.0;
				MTL_ENABLE_DEBUG_INFO = NO;
				SDKROOT = iphoneos;
				SWIFT_OPTIMIZATION_LEVEL = "-Owholemodule";
				SWIFT_VERSION = 5.0;
				VALIDATE_PRODUCT = YES;
			};
			name = Release;
		};
		607FACF01AFB9204008FA782 /* Debug */ = {
			isa = XCBuildConfiguration;
			baseConfigurationReference = EE077E684386185C216DF071 /* Pods-CiaoTransitions_Example.debug.xcconfig */;
			buildSettings = {
				ASSETCATALOG_COMPILER_APPICON_NAME = AppIcon;
				DEVELOPMENT_TEAM = BV4J4GZFL4;
				INFOPLIST_FILE = CiaoTransitions/Info.plist;
				LD_RUNPATH_SEARCH_PATHS = "$(inherited) @executable_path/Frameworks";
				MODULE_NAME = ExampleApp;
				PRODUCT_BUNDLE_IDENTIFIER = "org.cocoapods.demo.$(PRODUCT_NAME:rfc1034identifier)";
				PRODUCT_NAME = "$(TARGET_NAME)";
				SWIFT_SWIFT3_OBJC_INFERENCE = Default;
				SWIFT_VERSION = 5.0;
			};
			name = Debug;
		};
		607FACF11AFB9204008FA782 /* Release */ = {
			isa = XCBuildConfiguration;
			baseConfigurationReference = 02E05110E08919E85A701233 /* Pods-CiaoTransitions_Example.release.xcconfig */;
			buildSettings = {
				ASSETCATALOG_COMPILER_APPICON_NAME = AppIcon;
				DEVELOPMENT_TEAM = BV4J4GZFL4;
				INFOPLIST_FILE = CiaoTransitions/Info.plist;
				LD_RUNPATH_SEARCH_PATHS = "$(inherited) @executable_path/Frameworks";
				MODULE_NAME = ExampleApp;
				PRODUCT_BUNDLE_IDENTIFIER = "org.cocoapods.demo.$(PRODUCT_NAME:rfc1034identifier)";
				PRODUCT_NAME = "$(TARGET_NAME)";
				SWIFT_SWIFT3_OBJC_INFERENCE = Default;
				SWIFT_VERSION = 5.0;
			};
			name = Release;
		};
/* End XCBuildConfiguration section */

/* Begin XCConfigurationList section */
		607FACCB1AFB9204008FA782 /* Build configuration list for PBXProject "CiaoTransitions" */ = {
			isa = XCConfigurationList;
			buildConfigurations = (
				607FACED1AFB9204008FA782 /* Debug */,
				607FACEE1AFB9204008FA782 /* Release */,
			);
			defaultConfigurationIsVisible = 0;
			defaultConfigurationName = Release;
		};
		607FACEF1AFB9204008FA782 /* Build configuration list for PBXNativeTarget "CiaoTransitions_Example" */ = {
			isa = XCConfigurationList;
			buildConfigurations = (
				607FACF01AFB9204008FA782 /* Debug */,
				607FACF11AFB9204008FA782 /* Release */,
			);
			defaultConfigurationIsVisible = 0;
			defaultConfigurationName = Release;
		};
/* End XCConfigurationList section */
	};
	rootObject = 607FACC81AFB9204008FA782 /* Project object */;
}
